
Microsoft Visual Studio Solution File, Format Version 12.00
# Visual Studio Version 17
VisualStudioVersion = 17.10.34928.147
MinimumVisualStudioVersion = 10.0.40219.1
Project("{9A19103F-16F7-4668-BE54-9A1E7A4F7556}") = "Budgetary Desktop App Expanded", "Budgetary Desktop App Expanded.csproj", "{8F8F49DA-E486-4897-BD5D-4BF1B3CED772}"
EndProject
Global
	GlobalSection(SolutionConfigurationPlatforms) = preSolution
		Debug|Any CPU = Debug|Any CPU
		Release|Any CPU = Release|Any CPU
	EndGlobalSection
	GlobalSection(ProjectConfigurationPlatforms) = postSolution
		{8F8F49DA-E486-4897-BD5D-4BF1B3CED772}.Debug|Any CPU.ActiveCfg = Debug|Any CPU
		{8F8F49DA-E486-4897-BD5D-4BF1B3CED772}.Debug|Any CPU.Build.0 = Debug|Any CPU
		{8F8F49DA-E486-4897-BD5D-4BF1B3CED772}.Release|Any CPU.ActiveCfg = Release|Any CPU
		{8F8F49DA-E486-4897-BD5D-4BF1B3CED772}.Release|Any CPU.Build.0 = Release|Any CPU
	EndGlobalSection
	GlobalSection(SolutionProperties) = preSolution
		HideSolutionNode = FALSE
	EndGlobalSection
	GlobalSection(ExtensibilityGlobals) = postSolution
		SolutionGuid = {D810B3AB-1309-4170-8F93-1D2AD1EA3316}
	EndGlobalSection
EndGlobal
